
Microsoft Visual Studio Solution File, Format Version 12.00
# Visual Studio 15
Project("{FAE04EC0-301F-11D3-BF4B-00C04F79EFBC}") = "GodsEye", "GodsEye\GodsEye.csproj", "{08F9BF04-BE23-4262-9AF8-C197F940E676}"
EndProject
Global
	GlobalSection(SolutionConfigurationPlatforms) = preSolution
		Debug|Any CPU = Debug|Any CPU
		Release|Any CPU = Release|Any CPU
	EndGlobalSection
	GlobalSection(ProjectConfigurationPlatforms) = postSolution
		{08F9BF04-BE23-4262-9AF8-C197F940E676}.Debug|Any CPU.ActiveCfg = Debug|Any CPU
		{08F9BF04-BE23-4262-9AF8-C197F940E676}.Debug|Any CPU.Build.0 = Debug|Any CPU
		{08F9BF04-BE23-4262-9AF8-C197F940E676}.Release|Any CPU.ActiveCfg = Release|Any CPU
		{08F9BF04-BE23-4262-9AF8-C197F940E676}.Release|Any CPU.Build.0 = Release|Any CPU
	EndGlobalSection
EndGlobal
